[[package]]
name = "adler32"
version = "1.0.3"
source = "registry+https://github.com/rust-lang/crates.io-index"

[[package]]
name = "byteorder"
version = "1.3.1"
source = "registry+https://github.com/rust-lang/crates.io-index"

[[package]]
name = "cfg-if"
version = "0.1.6"
source = "registry+https://github.com/rust-lang/crates.io-index"

[[package]]
name = "crc32fast"
version = "1.1.2"
source = "registry+https://github.com/rust-lang/crates.io-index"
dependencies = [
 "cfg-if 0.1.6 (registry+https://github.com/rust-lang/crates.io-index)",
]

[[package]]
name = "libflate"
version = "0.1.20"
source = "registry+https://github.com/rust-lang/crates.io-index"
dependencies = [
 "adler32 1.0.3 (registry+https://github.com/rust-lang/crates.io-index)",
 "byteorder 1.3.1 (registry+https://github.com/rust-lang/crates.io-index)",
 "crc32fast 1.1.2 (registry+https://github.com/rust-lang/crates.io-index)",
]

[[package]]
name = "podio"
version = "0.1.6"
source = "registry+https://github.com/rust-lang/crates.io-index"

[[package]]
name = "raze"
version = "0.1.0"
dependencies = [
 "cfg-if 0.1.6 (registry+https://github.com/rust-lang/crates.io-index)",
 "zip 0.5.0 (registry+https://github.com/rust-lang/crates.io-index)",
]

[[package]]
name = "zip"
version = "0.5.0"
source = "registry+https://github.com/rust-lang/crates.io-index"
dependencies = [
 "crc32fast 1.1.2 (registry+https://github.com/rust-lang/crates.io-index)",
 "libflate 0.1.20 (registry+https://github.com/rust-lang/crates.io-index)",
 "podio 0.1.6 (registry+https://github.com/rust-lang/crates.io-index)",
]

[metadata]
"checksum adler32 1.0.3 (registry+https://github.com/rust-lang/crates.io-index)" = "7e522997b529f05601e05166c07ed17789691f562762c7f3b987263d2dedee5c"
"checksum byteorder 1.3.1 (registry+https://github.com/rust-lang/crates.io-index)" = "a019b10a2a7cdeb292db131fc8113e57ea2a908f6e7894b0c3c671893b65dbeb"
"checksum cfg-if 0.1.6 (registry+https://github.com/rust-lang/crates.io-index)" = "082bb9b28e00d3c9d39cc03e64ce4cea0f1bb9b3fde493f0cbc008472d22bdf4"
"checksum crc32fast 1.1.2 (registry+https://github.com/rust-lang/crates.io-index)" = "e91d5240c6975ef33aeb5f148f35275c25eda8e8a5f95abe421978b05b8bf192"
"checksum libflate 0.1.20 (registry+https://github.com/rust-lang/crates.io-index)" = "54d1ddf9c52870243c5689d7638d888331c1116aa5b398f3ba1acfa7d8758ca1"
"checksum podio 0.1.6 (registry+https://github.com/rust-lang/crates.io-index)" = "780fb4b6698bbf9cf2444ea5d22411cef2953f0824b98f33cf454ec5615645bd"
"checksum zip 0.5.0 (registry+https://github.com/rust-lang/crates.io-index)" = "00acf1fafb786ff450b6726e5be41ef029142597b47a40ce80f952f1471730a0"
